
Microsoft Visual Studio Solution File, Format Version 12.00
# Visual Studio 15
VisualStudioVersion = 15.0.28307.1062
MinimumVisualStudioVersion = 10.0.40219.1
Project("{FAE04EC0-301F-11D3-BF4B-00C04F79EFBC}") = "CodingExercise", "CodingExercise\CodingExercise.csproj", "{B70904EA-C1F5-4BE1-9B25-DBF938C19A2B}"
EndProject
Project("{FAE04EC0-301F-11D3-BF4B-00C04F79EFBC}") = "NUnitTestProject", "NUnitTestProject\NUnitTestProject.csproj", "{BD8483F9-4EC9-455F-95D2-E3AEEB6A66F7}"
EndProject
Global
	GlobalSection(SolutionConfigurationPlatforms) = preSolution
		Debug|Any CPU = Debug|Any CPU
		Release|Any CPU = Release|Any CPU
	EndGlobalSection
	GlobalSection(ProjectConfigurationPlatforms) = postSolution
		{B70904EA-C1F5-4BE1-9B25-DBF938C19A2B}.Debug|Any CPU.ActiveCfg = Debug|Any CPU
		{B70904EA-C1F5-4BE1-9B25-DBF938C19A2B}.Debug|Any CPU.Build.0 = Debug|Any CPU
		{B70904EA-C1F5-4BE1-9B25-DBF938C19A2B}.Release|Any CPU.ActiveCfg = Release|Any CPU
		{B70904EA-C1F5-4BE1-9B25-DBF938C19A2B}.Release|Any CPU.Build.0 = Release|Any CPU
		{BD8483F9-4EC9-455F-95D2-E3AEEB6A66F7}.Debug|Any CPU.ActiveCfg = Debug|Any CPU
		{BD8483F9-4EC9-455F-95D2-E3AEEB6A66F7}.Debug|Any CPU.Build.0 = Debug|Any CPU
		{BD8483F9-4EC9-455F-95D2-E3AEEB6A66F7}.Release|Any CPU.ActiveCfg = Release|Any CPU
		{BD8483F9-4EC9-455F-95D2-E3AEEB6A66F7}.Release|Any CPU.Build.0 = Release|Any CPU
	EndGlobalSection
	GlobalSection(SolutionProperties) = preSolution
		HideSolutionNode = FALSE
	EndGlobalSection
	GlobalSection(ExtensibilityGlobals) = postSolution
		SolutionGuid = {3CC0E431-60E8-4C79-9347-DC323E8822A5}
	EndGlobalSection
EndGlobal
